
Microsoft Visual Studio Solution File, Format Version 12.00
# Visual Studio 15
VisualStudioVersion = 15.0.27703.2018
MinimumVisualStudioVersion = 10.0.40219.1
Project("{FAE04EC0-301F-11D3-BF4B-00C04F79EFBC}") = "ImageTagHelperExample", "ImageTagHelperExample\ImageTagHelperExample.csproj", "{81528767-70AE-4E8F-A4D0-C5EE062B7C30}"
EndProject
Global
	GlobalSection(SolutionConfigurationPlatforms) = preSolution
		Debug|Any CPU = Debug|Any CPU
		Release|Any CPU = Release|Any CPU
	EndGlobalSection
	GlobalSection(ProjectConfigurationPlatforms) = postSolution
		{81528767-70AE-4E8F-A4D0-C5EE062B7C30}.Debug|Any CPU.ActiveCfg = Debug|Any CPU
		{81528767-70AE-4E8F-A4D0-C5EE062B7C30}.Debug|Any CPU.Build.0 = Debug|Any CPU
		{81528767-70AE-4E8F-A4D0-C5EE062B7C30}.Release|Any CPU.ActiveCfg = Release|Any CPU
		{81528767-70AE-4E8F-A4D0-C5EE062B7C30}.Release|Any CPU.Build.0 = Release|Any CPU
	EndGlobalSection
	GlobalSection(SolutionProperties) = preSolution
		HideSolutionNode = FALSE
	EndGlobalSection
	GlobalSection(ExtensibilityGlobals) = postSolution
		SolutionGuid = {AD4A7E80-4A0B-4DD0-871C-3C7FA4180309}
	EndGlobalSection
EndGlobal
